
Microsoft Visual Studio Solution File, Format Version 12.00
# Visual Studio Version 17
VisualStudioVersion = 17.9.34728.123
MinimumVisualStudioVersion = 10.0.40219.1
Project("{8BC9CEB8-8B4A-11D0-8D11-00A0C91BC942}") = "PG13-1", "PG13-1.vcxproj", "{AB5E9A9C-C83C-4C91-98BD-2CB7864DECF5}"
EndProject
Global
	GlobalSection(SolutionConfigurationPlatforms) = preSolution
		Debug|x64 = Debug|x64
		Release|x64 = Release|x64
	EndGlobalSection
	GlobalSection(ProjectConfigurationPlatforms) = postSolution
		{AB5E9A9C-C83C-4C91-98BD-2CB7864DECF5}.Debug|x64.ActiveCfg = Debug|x64
		{AB5E9A9C-C83C-4C91-98BD-2CB7864DECF5}.Debug|x64.Build.0 = Debug|x64
		{AB5E9A9C-C83C-4C91-98BD-2CB7864DECF5}.Release|x64.ActiveCfg = Release|x64
		{AB5E9A9C-C83C-4C91-98BD-2CB7864DECF5}.Release|x64.Build.0 = Release|x64
	EndGlobalSection
	GlobalSection(SolutionProperties) = preSolution
		HideSolutionNode = FALSE
	EndGlobalSection
	GlobalSection(ExtensibilityGlobals) = postSolution
		SolutionGuid = {B3602CF4-9E2C-4E7B-8A1A-1DC8C7DB319A}
	EndGlobalSection
EndGlobal
